
Microsoft Visual Studio Solution File, Format Version 12.00
# Visual Studio 15
VisualStudioVersion = 15.0.26430.6
MinimumVisualStudioVersion = 10.0.40219.1
Project("{FAE04EC0-301F-11D3-BF4B-00C04F79EFBC}") = "LocaTracker2", "LocaTracker2\LocaTracker2.csproj", "{522FDBB6-8BD0-4FEC-9DDC-E72B43103585}"
EndProject
Project("{2150E333-8FDC-42A3-9474-1A3956D46DE8}") = "Shared", "Shared", "{0B186441-9965-419B-8DD8-3A3DF648D237}"
EndProject
Project("{FAE04EC0-301F-11D3-BF4B-00C04F79EFBC}") = "LocaTracker2.Db", "LocaTracker2.Db\LocaTracker2.Db.csproj", "{0BFF9083-2DF3-4645-85DA-0A369D43120F}"
EndProject
Project("{FAE04EC0-301F-11D3-BF4B-00C04F79EFBC}") = "LocaTracker2.Gps", "LocaTracker2.Gps\LocaTracker2.Gps.csproj", "{881F4388-9BE3-4324-9A73-974E5B3BF02A}"
EndProject
Project("{FAE04EC0-301F-11D3-BF4B-00C04F79EFBC}") = "LocaTracker2.Logging", "LocaTracker2.Logging\LocaTracker2.Logging.csproj", "{603F2BC9-5DF2-4300-AC2A-3165E978D0B8}"
EndProject
Project("{FAE04EC0-301F-11D3-BF4B-00C04F79EFBC}") = "LocaTracker2.Exchange", "LocaTracker2.Exchange\LocaTracker2.Exchange.csproj", "{1FE385FA-6A5D-437E-8F95-4D43EE1D2EFF}"
EndProject
Global
	GlobalSection(SolutionConfigurationPlatforms) = preSolution
		Debug|Any CPU = Debug|Any CPU
		Debug|ARM = Debug|ARM
		Debug|x64 = Debug|x64
		Debug|x86 = Debug|x86
		Release|Any CPU = Release|Any CPU
		Release|ARM = Release|ARM
		Release|x64 = Release|x64
		Release|x86 = Release|x86
	EndGlobalSection
	GlobalSection(ProjectConfigurationPlatforms) = postSolution
		{522FDBB6-8BD0-4FEC-9DDC-E72B43103585}.Debug|Any CPU.ActiveCfg = Debug|x86
		{522FDBB6-8BD0-4FEC-9DDC-E72B43103585}.Debug|ARM.ActiveCfg = Debug|ARM
		{522FDBB6-8BD0-4FEC-9DDC-E72B43103585}.Debug|ARM.Build.0 = Debug|ARM
		{522FDBB6-8BD0-4FEC-9DDC-E72B43103585}.Debug|ARM.Deploy.0 = Debug|ARM
		{522FDBB6-8BD0-4FEC-9DDC-E72B43103585}.Debug|x64.ActiveCfg = Debug|x64
		{522FDBB6-8BD0-4FEC-9DDC-E72B43103585}.Debug|x64.Build.0 = Debug|x64
		{522FDBB6-8BD0-4FEC-9DDC-E72B43103585}.Debug|x64.Deploy.0 = Debug|x64
		{522FDBB6-8BD0-4FEC-9DDC-E72B43103585}.Debug|x86.ActiveCfg = Debug|x86
		{522FDBB6-8BD0-4FEC-9DDC-E72B43103585}.Debug|x86.Build.0 = Debug|x86
		{522FDBB6-8BD0-4FEC-9DDC-E72B43103585}.Debug|x86.Deploy.0 = Debug|x86
		{522FDBB6-8BD0-4FEC-9DDC-E72B43103585}.Release|Any CPU.ActiveCfg = Release|x86
		{522FDBB6-8BD0-4FEC-9DDC-E72B43103585}.Release|ARM.ActiveCfg = Release|ARM
		{522FDBB6-8BD0-4FEC-9DDC-E72B43103585}.Release|ARM.Build.0 = Release|ARM
		{522FDBB6-8BD0-4FEC-9DDC-E72B43103585}.Release|ARM.Deploy.0 = Release|ARM
		{522FDBB6-8BD0-4FEC-9DDC-E72B43103585}.Release|x64.ActiveCfg = Release|x64
		{522FDBB6-8BD0-4FEC-9DDC-E72B43103585}.Release|x64.Build.0 = Release|x64
		{522FDBB6-8BD0-4FEC-9DDC-E72B43103585}.Release|x64.Deploy.0 = Release|x64
		{522FDBB6-8BD0-4FEC-9DDC-E72B43103585}.Release|x86.ActiveCfg = Release|x86
		{522FDBB6-8BD0-4FEC-9DDC-E72B43103585}.Release|x86.Build.0 = Release|x86
		{522FDBB6-8BD0-4FEC-9DDC-E72B43103585}.Release|x86.Deploy.0 = Release|x86
		{0BFF9083-2DF3-4645-85DA-0A369D43120F}.Debug|Any CPU.ActiveCfg = Debug|Any CPU
		{0BFF9083-2DF3-4645-85DA-0A369D43120F}.Debug|Any CPU.Build.0 = Debug|Any CPU
		{0BFF9083-2DF3-4645-85DA-0A369D43120F}.Debug|ARM.ActiveCfg = Debug|ARM
		{0BFF9083-2DF3-4645-85DA-0A369D43120F}.Debug|ARM.Build.0 = Debug|ARM
		{0BFF9083-2DF3-4645-85DA-0A369D43120F}.Debug|x64.ActiveCfg = Debug|x64
		{0BFF9083-2DF3-4645-85DA-0A369D43120F}.Debug|x64.Build.0 = Debug|x64
		{0BFF9083-2DF3-4645-85DA-0A369D43120F}.Debug|x86.ActiveCfg = Debug|x86
		{0BFF9083-2DF3-4645-85DA-0A369D43120F}.Debug|x86.Build.0 = Debug|x86
		{0BFF9083-2DF3-4645-85DA-0A369D43120F}.Release|Any CPU.ActiveCfg = Release|Any CPU
		{0BFF9083-2DF3-4645-85DA-0A369D43120F}.Release|Any CPU.Build.0 = Release|Any CPU
		{0BFF9083-2DF3-4645-85DA-0A369D43120F}.Release|ARM.ActiveCfg = Release|ARM
		{0BFF9083-2DF3-4645-85DA-0A369D43120F}.Release|ARM.Build.0 = Release|ARM
		{0BFF9083-2DF3-4645-85DA-0A369D43120F}.Release|x64.ActiveCfg = Release|x64
		{0BFF9083-2DF3-4645-85DA-0A369D43120F}.Release|x64.Build.0 = Release|x64
		{0BFF9083-2DF3-4645-85DA-0A369D43120F}.Release|x86.ActiveCfg = Release|x86
		{0BFF9083-2DF3-4645-85DA-0A369D43120F}.Release|x86.Build.0 = Release|x86
		{881F4388-9BE3-4324-9A73-974E5B3BF02A}.Debug|Any CPU.ActiveCfg = Debug|Any CPU
		{881F4388-9BE3-4324-9A73-974E5B3BF02A}.Debug|Any CPU.Build.0 = Debug|Any CPU
		{881F4388-9BE3-4324-9A73-974E5B3BF02A}.Debug|ARM.ActiveCfg = Debug|ARM
		{881F4388-9BE3-4324-9A73-974E5B3BF02A}.Debug|ARM.Build.0 = Debug|ARM
		{881F4388-9BE3-4324-9A73-974E5B3BF02A}.Debug|x64.ActiveCfg = Debug|x64
		{881F4388-9BE3-4324-9A73-974E5B3BF02A}.Debug|x64.Build.0 = Debug|x64
		{881F4388-9BE3-4324-9A73-974E5B3BF02A}.Debug|x86.ActiveCfg = Debug|x86
		{881F4388-9BE3-4324-9A73-974E5B3BF02A}.Debug|x86.Build.0 = Debug|x86
		{881F4388-9BE3-4324-9A73-974E5B3BF02A}.Release|Any CPU.ActiveCfg = Release|Any CPU
		{881F4388-9BE3-4324-9A73-974E5B3BF02A}.Release|Any CPU.Build.0 = Release|Any CPU
		{881F4388-9BE3-4324-9A73-974E5B3BF02A}.Release|ARM.ActiveCfg = Release|ARM
		{881F4388-9BE3-4324-9A73-974E5B3BF02A}.Release|ARM.Build.0 = Release|ARM
		{881F4388-9BE3-4324-9A73-974E5B3BF02A}.Release|x64.ActiveCfg = Release|x64
		{881F4388-9BE3-4324-9A73-974E5B3BF02A}.Release|x64.Build.0 = Release|x64
		{881F4388-9BE3-4324-9A73-974E5B3BF02A}.Release|x86.ActiveCfg = Release|x86
		{881F4388-9BE3-4324-9A73-974E5B3BF02A}.Release|x86.Build.0 = Release|x86
		{603F2BC9-5DF2-4300-AC2A-3165E978D0B8}.Debug|Any CPU.ActiveCfg = Debug|Any CPU
		{603F2BC9-5DF2-4300-AC2A-3165E978D0B8}.Debug|Any CPU.Build.0 = Debug|Any CPU
		{603F2BC9-5DF2-4300-AC2A-3165E978D0B8}.Debug|ARM.ActiveCfg = Debug|ARM
		{603F2BC9-5DF2-4300-AC2A-3165E978D0B8}.Debug|ARM.Build.0 = Debug|ARM
		{603F2BC9-5DF2-4300-AC2A-3165E978D0B8}.Debug|x64.ActiveCfg = Debug|x64
		{603F2BC9-5DF2-4300-AC2A-3165E978D0B8}.Debug|x64.Build.0 = Debug|x64
		{603F2BC9-5DF2-4300-AC2A-3165E978D0B8}.Debug|x86.ActiveCfg = Debug|x86
		{603F2BC9-5DF2-4300-AC2A-3165E978D0B8}.Debug|x86.Build.0 = Debug|x86
		{603F2BC9-5DF2-4300-AC2A-3165E978D0B8}.Release|Any CPU.ActiveCfg = Release|Any CPU
		{603F2BC9-5DF2-4300-AC2A-3165E978D0B8}.Release|Any CPU.Build.0 = Release|Any CPU
		{603F2BC9-5DF2-4300-AC2A-3165E978D0B8}.Release|ARM.ActiveCfg = Release|ARM
		{603F2BC9-5DF2-4300-AC2A-3165E978D0B8}.Release|ARM.Build.0 = Release|ARM
		{603F2BC9-5DF2-4300-AC2A-3165E978D0B8}.Release|x64.ActiveCfg = Release|x64
		{603F2BC9-5DF2-4300-AC2A-3165E978D0B8}.Release|x64.Build.0 = Release|x64
		{603F2BC9-5DF2-4300-AC2A-3165E978D0B8}.Release|x86.ActiveCfg = Release|x86
		{603F2BC9-5DF2-4300-AC2A-3165E978D0B8}.Release|x86.Build.0 = Release|x86
		{1FE385FA-6A5D-437E-8F95-4D43EE1D2EFF}.Debug|Any CPU.ActiveCfg = Debug|Any CPU
		{1FE385FA-6A5D-437E-8F95-4D43EE1D2EFF}.Debug|Any CPU.Build.0 = Debug|Any CPU
		{1FE385FA-6A5D-437E-8F95-4D43EE1D2EFF}.Debug|ARM.ActiveCfg = Debug|ARM
		{1FE385FA-6A5D-437E-8F95-4D43EE1D2EFF}.Debug|ARM.Build.0 = Debug|ARM
		{1FE385FA-6A5D-437E-8F95-4D43EE1D2EFF}.Debug|x64.ActiveCfg = Debug|x64
		{1FE385FA-6A5D-437E-8F95-4D43EE1D2EFF}.Debug|x64.Build.0 = Debug|x64
		{1FE385FA-6A5D-437E-8F95-4D43EE1D2EFF}.Debug|x86.ActiveCfg = Debug|x86
		{1FE385FA-6A5D-437E-8F95-4D43EE1D2EFF}.Debug|x86.Build.0 = Debug|x86
		{1FE385FA-6A5D-437E-8F95-4D43EE1D2EFF}.Release|Any CPU.ActiveCfg = Release|Any CPU
		{1FE385FA-6A5D-437E-8F95-4D43EE1D2EFF}.Release|Any CPU.Build.0 = Release|Any CPU
		{1FE385FA-6A5D-437E-8F95-4D43EE1D2EFF}.Release|ARM.ActiveCfg = Release|ARM
		{1FE385FA-6A5D-437E-8F95-4D43EE1D2EFF}.Release|ARM.Build.0 = Release|ARM
		{1FE385FA-6A5D-437E-8F95-4D43EE1D2EFF}.Release|x64.ActiveCfg = Release|x64
		{1FE385FA-6A5D-437E-8F95-4D43EE1D2EFF}.Release|x64.Build.0 = Release|x64
		{1FE385FA-6A5D-437E-8F95-4D43EE1D2EFF}.Release|x86.ActiveCfg = Release|x86
		{1FE385FA-6A5D-437E-8F95-4D43EE1D2EFF}.Release|x86.Build.0 = Release|x86
	EndGlobalSection
	GlobalSection(SolutionProperties) = preSolution
		HideSolutionNode = FALSE
	EndGlobalSection
	GlobalSection(NestedProjects) = preSolution
		{0BFF9083-2DF3-4645-85DA-0A369D43120F} = {0B186441-9965-419B-8DD8-3A3DF648D237}
		{881F4388-9BE3-4324-9A73-974E5B3BF02A} = {0B186441-9965-419B-8DD8-3A3DF648D237}
		{603F2BC9-5DF2-4300-AC2A-3165E978D0B8} = {0B186441-9965-419B-8DD8-3A3DF648D237}
		{1FE385FA-6A5D-437E-8F95-4D43EE1D2EFF} = {0B186441-9965-419B-8DD8-3A3DF648D237}
	EndGlobalSection
EndGlobal
